
Microsoft Visual Studio Solution File, Format Version 12.00
# Visual Studio Version 16
VisualStudioVersion = 16.0.29911.84
MinimumVisualStudioVersion = 10.0.40219.1
Project("{FAE04EC0-301F-11D3-BF4B-00C04F79EFBC}") = "ChartTest", "ChartTest\ChartTest.csproj", "{1C3B4178-E492-49A8-BB23-DC9B3BD4D9DA}"
EndProject
Global
	GlobalSection(SolutionConfigurationPlatforms) = preSolution
		Debug|Any CPU = Debug|Any CPU
		Release|Any CPU = Release|Any CPU
	EndGlobalSection
	GlobalSection(ProjectConfigurationPlatforms) = postSolution
		{1C3B4178-E492-49A8-BB23-DC9B3BD4D9DA}.Debug|Any CPU.ActiveCfg = Debug|Any CPU
		{1C3B4178-E492-49A8-BB23-DC9B3BD4D9DA}.Debug|Any CPU.Build.0 = Debug|Any CPU
		{1C3B4178-E492-49A8-BB23-DC9B3BD4D9DA}.Release|Any CPU.ActiveCfg = Release|Any CPU
		{1C3B4178-E492-49A8-BB23-DC9B3BD4D9DA}.Release|Any CPU.Build.0 = Release|Any CPU
	EndGlobalSection
	GlobalSection(SolutionProperties) = preSolution
		HideSolutionNode = FALSE
	EndGlobalSection
	GlobalSection(ExtensibilityGlobals) = postSolution
		SolutionGuid = {519EF5A1-F275-4323-9E99-44B8563F6726}
	EndGlobalSection
EndGlobal
